
Microsoft Visual Studio Solution File, Format Version 12.00
# Visual Studio Version 17
VisualStudioVersion = 17.0.31903.59
MinimumVisualStudioVersion = 10.0.40219.1
Project("{2150E333-8FDC-42A3-9474-1A3956D46DE8}") = "src", "src", "{827E0CD3-B72D-47B6-A68D-7590B98EB39B}"
EndProject
Project("{FAE04EC0-301F-11D3-BF4B-00C04F79EFBC}") = "ERP.Domain", "src\ERP.Domain\ERP.Domain.csproj", "{D275BBD2-8688-44A2-AE71-E277056D7570}"
EndProject
Project("{FAE04EC0-301F-11D3-BF4B-00C04F79EFBC}") = "ERP.SharedKernel", "src\ERP.SharedKernel\ERP.SharedKernel.csproj", "{9DBE39E1-1122-4CA8-9E4B-AADE4B597567}"
EndProject
Project("{FAE04EC0-301F-11D3-BF4B-00C04F79EFBC}") = "ERP.Application", "src\ERP.Application\ERP.Application.csproj", "{9419C71F-1859-4DDC-9D53-F7BCC1464E82}"
EndProject
Project("{FAE04EC0-301F-11D3-BF4B-00C04F79EFBC}") = "ERP.Infrastructure", "src\ERP.Infrastructure\ERP.Infrastructure.csproj", "{717CCCF3-DD49-4A48-90CB-E01FBBB9EAD6}"
EndProject
Project("{FAE04EC0-301F-11D3-BF4B-00C04F79EFBC}") = "ERP.Api", "src\ERP.Api\ERP.Api.csproj", "{550BB4CD-147F-470F-B642-74515546E0E2}"
EndProject
Project("{2150E333-8FDC-42A3-9474-1A3956D46DE8}") = "tests", "tests", "{0AB3BF05-4346-4AA6-1389-037BE0695223}"
EndProject
Project("{FAE04EC0-301F-11D3-BF4B-00C04F79EFBC}") = "ERP.UnitTests", "tests\ERP.UnitTests\ERP.UnitTests.csproj", "{A0BCFD9F-ABC2-4120-A940-8C87BB5FEA66}"
EndProject
Project("{FAE04EC0-301F-11D3-BF4B-00C04F79EFBC}") = "ERP.IntegrationTests", "tests\ERP.IntegrationTests\ERP.IntegrationTests.csproj", "{0EC917FF-08A2-410C-9C59-2DA7628F6E01}"
EndProject
Global
	GlobalSection(SolutionConfigurationPlatforms) = preSolution
		Debug|Any CPU = Debug|Any CPU
		Debug|x64 = Debug|x64
		Debug|x86 = Debug|x86
		Release|Any CPU = Release|Any CPU
		Release|x64 = Release|x64
		Release|x86 = Release|x86
	EndGlobalSection
	GlobalSection(ProjectConfigurationPlatforms) = postSolution
		{D275BBD2-8688-44A2-AE71-E277056D7570}.Debug|Any CPU.ActiveCfg = Debug|Any CPU
		{D275BBD2-8688-44A2-AE71-E277056D7570}.Debug|Any CPU.Build.0 = Debug|Any CPU
		{D275BBD2-8688-44A2-AE71-E277056D7570}.Debug|x64.ActiveCfg = Debug|Any CPU
		{D275BBD2-8688-44A2-AE71-E277056D7570}.Debug|x64.Build.0 = Debug|Any CPU
		{D275BBD2-8688-44A2-AE71-E277056D7570}.Debug|x86.ActiveCfg = Debug|Any CPU
		{D275BBD2-8688-44A2-AE71-E277056D7570}.Debug|x86.Build.0 = Debug|Any CPU
		{D275BBD2-8688-44A2-AE71-E277056D7570}.Release|Any CPU.ActiveCfg = Release|Any CPU
		{D275BBD2-8688-44A2-AE71-E277056D7570}.Release|Any CPU.Build.0 = Release|Any CPU
		{D275BBD2-8688-44A2-AE71-E277056D7570}.Release|x64.ActiveCfg = Release|Any CPU
		{D275BBD2-8688-44A2-AE71-E277056D7570}.Release|x64.Build.0 = Release|Any CPU
		{D275BBD2-8688-44A2-AE71-E277056D7570}.Release|x86.ActiveCfg = Release|Any CPU
		{D275BBD2-8688-44A2-AE71-E277056D7570}.Release|x86.Build.0 = Release|Any CPU
		{9DBE39E1-1122-4CA8-9E4B-AADE4B597567}.Debug|Any CPU.ActiveCfg = Debug|Any CPU
		{9DBE39E1-1122-4CA8-9E4B-AADE4B597567}.Debug|Any CPU.Build.0 = Debug|Any CPU
		{9DBE39E1-1122-4CA8-9E4B-AADE4B597567}.Debug|x64.ActiveCfg = Debug|Any CPU
		{9DBE39E1-1122-4CA8-9E4B-AADE4B597567}.Debug|x64.Build.0 = Debug|Any CPU
		{9DBE39E1-1122-4CA8-9E4B-AADE4B597567}.Debug|x86.ActiveCfg = Debug|Any CPU
		{9DBE39E1-1122-4CA8-9E4B-AADE4B597567}.Debug|x86.Build.0 = Debug|Any CPU
		{9DBE39E1-1122-4CA8-9E4B-AADE4B597567}.Release|Any CPU.ActiveCfg = Release|Any CPU
		{9DBE39E1-1122-4CA8-9E4B-AADE4B597567}.Release|Any CPU.Build.0 = Release|Any CPU
		{9DBE39E1-1122-4CA8-9E4B-AADE4B597567}.Release|x64.ActiveCfg = Release|Any CPU
		{9DBE39E1-1122-4CA8-9E4B-AADE4B597567}.Release|x64.Build.0 = Release|Any CPU
		{9DBE39E1-1122-4CA8-9E4B-AADE4B597567}.Release|x86.ActiveCfg = Release|Any CPU
		{9DBE39E1-1122-4CA8-9E4B-AADE4B597567}.Release|x86.Build.0 = Release|Any CPU
		{9419C71F-1859-4DDC-9D53-F7BCC1464E82}.Debug|Any CPU.ActiveCfg = Debug|Any CPU
		{9419C71F-1859-4DDC-9D53-F7BCC1464E82}.Debug|Any CPU.Build.0 = Debug|Any CPU
		{9419C71F-1859-4DDC-9D53-F7BCC1464E82}.Debug|x64.ActiveCfg = Debug|Any CPU
		{9419C71F-1859-4DDC-9D53-F7BCC1464E82}.Debug|x64.Build.0 = Debug|Any CPU
		{9419C71F-1859-4DDC-9D53-F7BCC1464E82}.Debug|x86.ActiveCfg = Debug|Any CPU
		{9419C71F-1859-4DDC-9D53-F7BCC1464E82}.Debug|x86.Build.0 = Debug|Any CPU
		{9419C71F-1859-4DDC-9D53-F7BCC1464E82}.Release|Any CPU.ActiveCfg = Release|Any CPU
		{9419C71F-1859-4DDC-9D53-F7BCC1464E82}.Release|Any CPU.Build.0 = Release|Any CPU
		{9419C71F-1859-4DDC-9D53-F7BCC1464E82}.Release|x64.ActiveCfg = Release|Any CPU
		{9419C71F-1859-4DDC-9D53-F7BCC1464E82}.Release|x64.Build.0 = Release|Any CPU
		{9419C71F-1859-4DDC-9D53-F7BCC1464E82}.Release|x86.ActiveCfg = Release|Any CPU
		{9419C71F-1859-4DDC-9D53-F7BCC1464E82}.Release|x86.Build.0 = Release|Any CPU
		{717CCCF3-DD49-4A48-90CB-E01FBBB9EAD6}.Debug|Any CPU.ActiveCfg = Debug|Any CPU
		{717CCCF3-DD49-4A48-90CB-E01FBBB9EAD6}.Debug|Any CPU.Build.0 = Debug|Any CPU
		{717CCCF3-DD49-4A48-90CB-E01FBBB9EAD6}.Debug|x64.ActiveCfg = Debug|Any CPU
		{717CCCF3-DD49-4A48-90CB-E01FBBB9EAD6}.Debug|x64.Build.0 = Debug|Any CPU
		{717CCCF3-DD49-4A48-90CB-E01FBBB9EAD6}.Debug|x86.ActiveCfg = Debug|Any CPU
		{717CCCF3-DD49-4A48-90CB-E01FBBB9EAD6}.Debug|x86.Build.0 = Debug|Any CPU
		{717CCCF3-DD49-4A48-90CB-E01FBBB9EAD6}.Release|Any CPU.ActiveCfg = Release|Any CPU
		{717CCCF3-DD49-4A48-90CB-E01FBBB9EAD6}.Release|Any CPU.Build.0 = Release|Any CPU
		{717CCCF3-DD49-4A48-90CB-E01FBBB9EAD6}.Release|x64.ActiveCfg = Release|Any CPU
		{717CCCF3-DD49-4A48-90CB-E01FBBB9EAD6}.Release|x64.Build.0 = Release|Any CPU
		{717CCCF3-DD49-4A48-90CB-E01FBBB9EAD6}.Release|x86.ActiveCfg = Release|Any CPU
		{717CCCF3-DD49-4A48-90CB-E01FBBB9EAD6}.Release|x86.Build.0 = Release|Any CPU
		{550BB4CD-147F-470F-B642-74515546E0E2}.Debug|Any CPU.ActiveCfg = Debug|Any CPU
		{550BB4CD-147F-470F-B642-74515546E0E2}.Debug|Any CPU.Build.0 = Debug|Any CPU
		{550BB4CD-147F-470F-B642-74515546E0E2}.Debug|x64.ActiveCfg = Debug|Any CPU
		{550BB4CD-147F-470F-B642-74515546E0E2}.Debug|x64.Build.0 = Debug|Any CPU
		{550BB4CD-147F-470F-B642-74515546E0E2}.Debug|x86.ActiveCfg = Debug|Any CPU
		{550BB4CD-147F-470F-B642-74515546E0E2}.Debug|x86.Build.0 = Debug|Any CPU
		{550BB4CD-147F-470F-B642-74515546E0E2}.Release|Any CPU.ActiveCfg = Release|Any CPU
		{550BB4CD-147F-470F-B642-74515546E0E2}.Release|Any CPU.Build.0 = Release|Any CPU
		{550BB4CD-147F-470F-B642-74515546E0E2}.Release|x64.ActiveCfg = Release|Any CPU
		{550BB4CD-147F-470F-B642-74515546E0E2}.Release|x64.Build.0 = Release|Any CPU
		{550BB4CD-147F-470F-B642-74515546E0E2}.Release|x86.ActiveCfg = Release|Any CPU
		{550BB4CD-147F-470F-B642-74515546E0E2}.Release|x86.Build.0 = Release|Any CPU
		{A0BCFD9F-ABC2-4120-A940-8C87BB5FEA66}.Debug|Any CPU.ActiveCfg = Debug|Any CPU
		{A0BCFD9F-ABC2-4120-A940-8C87BB5FEA66}.Debug|Any CPU.Build.0 = Debug|Any CPU
		{A0BCFD9F-ABC2-4120-A940-8C87BB5FEA66}.Debug|x64.ActiveCfg = Debug|Any CPU
		{A0BCFD9F-ABC2-4120-A940-8C87BB5FEA66}.Debug|x64.Build.0 = Debug|Any CPU
		{A0BCFD9F-ABC2-4120-A940-8C87BB5FEA66}.Debug|x86.ActiveCfg = Debug|Any CPU
		{A0BCFD9F-ABC2-4120-A940-8C87BB5FEA66}.Debug|x86.Build.0 = Debug|Any CPU
		{A0BCFD9F-ABC2-4120-A940-8C87BB5FEA66}.Release|Any CPU.ActiveCfg = Release|Any CPU
		{A0BCFD9F-ABC2-4120-A940-8C87BB5FEA66}.Release|Any CPU.Build.0 = Release|Any CPU
		{A0BCFD9F-ABC2-4120-A940-8C87BB5FEA66}.Release|x64.ActiveCfg = Release|Any CPU
		{A0BCFD9F-ABC2-4120-A940-8C87BB5FEA66}.Release|x64.Build.0 = Release|Any CPU
		{A0BCFD9F-ABC2-4120-A940-8C87BB5FEA66}.Release|x86.ActiveCfg = Release|Any CPU
		{A0BCFD9F-ABC2-4120-A940-8C87BB5FEA66}.Release|x86.Build.0 = Release|Any CPU
		{0EC917FF-08A2-410C-9C59-2DA7628F6E01}.Debug|Any CPU.ActiveCfg = Debug|Any CPU
		{0EC917FF-08A2-410C-9C59-2DA7628F6E01}.Debug|Any CPU.Build.0 = Debug|Any CPU
		{0EC917FF-08A2-410C-9C59-2DA7628F6E01}.Debug|x64.ActiveCfg = Debug|Any CPU
		{0EC917FF-08A2-410C-9C59-2DA7628F6E01}.Debug|x64.Build.0 = Debug|Any CPU
		{0EC917FF-08A2-410C-9C59-2DA7628F6E01}.Debug|x86.ActiveCfg = Debug|Any CPU
		{0EC917FF-08A2-410C-9C59-2DA7628F6E01}.Debug|x86.Build.0 = Debug|Any CPU
		{0EC917FF-08A2-410C-9C59-2DA7628F6E01}.Release|Any CPU.ActiveCfg = Release|Any CPU
		{0EC917FF-08A2-410C-9C59-2DA7628F6E01}.Release|Any CPU.Build.0 = Release|Any CPU
		{0EC917FF-08A2-410C-9C59-2DA7628F6E01}.Release|x64.ActiveCfg = Release|Any CPU
		{0EC917FF-08A2-410C-9C59-2DA7628F6E01}.Release|x64.Build.0 = Release|Any CPU
		{0EC917FF-08A2-410C-9C59-2DA7628F6E01}.Release|x86.ActiveCfg = Release|Any CPU
		{0EC917FF-08A2-410C-9C59-2DA7628F6E01}.Release|x86.Build.0 = Release|Any CPU
	EndGlobalSection
	GlobalSection(SolutionProperties) = preSolution
		HideSolutionNode = FALSE
	EndGlobalSection
	GlobalSection(NestedProjects) = preSolution
		{D275BBD2-8688-44A2-AE71-E277056D7570} = {827E0CD3-B72D-47B6-A68D-7590B98EB39B}
		{9DBE39E1-1122-4CA8-9E4B-AADE4B597567} = {827E0CD3-B72D-47B6-A68D-7590B98EB39B}
		{9419C71F-1859-4DDC-9D53-F7BCC1464E82} = {827E0CD3-B72D-47B6-A68D-7590B98EB39B}
		{717CCCF3-DD49-4A48-90CB-E01FBBB9EAD6} = {827E0CD3-B72D-47B6-A68D-7590B98EB39B}
		{550BB4CD-147F-470F-B642-74515546E0E2} = {827E0CD3-B72D-47B6-A68D-7590B98EB39B}
		{A0BCFD9F-ABC2-4120-A940-8C87BB5FEA66} = {0AB3BF05-4346-4AA6-1389-037BE0695223}
		{0EC917FF-08A2-410C-9C59-2DA7628F6E01} = {0AB3BF05-4346-4AA6-1389-037BE0695223}
	EndGlobalSection
EndGlobal
